
Microsoft Visual Studio Solution File, Format Version 12.00
# Visual Studio 2010
Project("{FAE04EC0-301F-11D3-BF4B-00C04F79EFBC}") = "Popac", "Pacman\Pacman\Popac.csproj", "{993A7C67-33C7-4189-A8B0-5662D6B6A71B}"
EndProject
Project("{FAE04EC0-301F-11D3-BF4B-00C04F79EFBC}") = "PacmanContent", "Pacman\PacmanContent\PacmanContent.contentproj", "{161B08CE-453C-44D4-AE11-5E299A7CEE5D}"
EndProject
Global
	GlobalSection(SolutionConfigurationPlatforms) = preSolution
		Debug|x86 = Debug|x86
		Release|x86 = Release|x86
	EndGlobalSection
	GlobalSection(ProjectConfigurationPlatforms) = postSolution
		{993A7C67-33C7-4189-A8B0-5662D6B6A71B}.Debug|x86.ActiveCfg = Debug|x86
		{993A7C67-33C7-4189-A8B0-5662D6B6A71B}.Debug|x86.Build.0 = Debug|x86
		{993A7C67-33C7-4189-A8B0-5662D6B6A71B}.Release|x86.ActiveCfg = Release|x86
		{993A7C67-33C7-4189-A8B0-5662D6B6A71B}.Release|x86.Build.0 = Release|x86
		{161B08CE-453C-44D4-AE11-5E299A7CEE5D}.Debug|x86.ActiveCfg = Debug|x86
		{161B08CE-453C-44D4-AE11-5E299A7CEE5D}.Release|x86.ActiveCfg = Release|x86
	EndGlobalSection
	GlobalSection(SolutionProperties) = preSolution
		HideSolutionNode = FALSE
	EndGlobalSection
EndGlobal
